
Microsoft Visual Studio Solution File, Format Version 12.00
# Visual Studio Version 17
VisualStudioVersion = 17.7.34031.279
MinimumVisualStudioVersion = 10.0.40219.1
Project("{FAE04EC0-301F-11D3-BF4B-00C04F79EFBC}") = "PriconneReTLAutoUpdaterApp", "PriconneReTLAutoUpdaterApp\PriconneReTLAutoUpdaterApp.csproj", "{C88F11B5-7228-43F3-B029-CF4E22A22F34}"
EndProject
Global
	GlobalSection(SolutionConfigurationPlatforms) = preSolution
		Debug|Any CPU = Debug|Any CPU
		Release|Any CPU = Release|Any CPU
	EndGlobalSection
	GlobalSection(ProjectConfigurationPlatforms) = postSolution
		{C88F11B5-7228-43F3-B029-CF4E22A22F34}.Debug|Any CPU.ActiveCfg = Debug|Any CPU
		{C88F11B5-7228-43F3-B029-CF4E22A22F34}.Debug|Any CPU.Build.0 = Debug|Any CPU
		{C88F11B5-7228-43F3-B029-CF4E22A22F34}.Release|Any CPU.ActiveCfg = Release|Any CPU
		{C88F11B5-7228-43F3-B029-CF4E22A22F34}.Release|Any CPU.Build.0 = Release|Any CPU
	EndGlobalSection
	GlobalSection(SolutionProperties) = preSolution
		HideSolutionNode = FALSE
	EndGlobalSection
	GlobalSection(ExtensibilityGlobals) = postSolution
		SolutionGuid = {6CEB2DA0-8E22-409C-97F9-B7CEDA4FE4E2}
	EndGlobalSection
EndGlobal
